<?xml version="1.0" encoding="utf-8"?>
<Project ToolsVersion="4.0" xmlns="http://schemas.microsoft.com/developer/msbuild/2003">
  <ItemGroup>
    <Filter Include="APP">
      <UniqueIdentifier>{812ee027-ac29-40a5-b65d-cc8f96026749}</UniqueIdentifier>
    </Filter>
    <Filter Include="FATFS">
      <UniqueIdentifier>{caa590b1-33d6-4cd3-b72d-bb01c82cdd40}</UniqueIdentifier>
    </Filter>
    <Filter Include="CORE">
      <UniqueIdentifier>{ec4a51d9-ea7d-4f8d-8a3e-dd8706c5e8c6}</UniqueIdentifier>
    </Filter>
    <Filter Include="HARDWARE">
      <UniqueIdentifier>{9fa4ebe5-9220-4fcb-b1ff-98b345d10285}</UniqueIdentifier>
    </Filter>
    <Filter Include="STM32F10x_FWLib">
      <UniqueIdentifier>{5f00e02d-bec5-476e-bd68-8e7af1b1ce59}</UniqueIdentifier>
    </Filter>
    <Filter Include="SYSTEM">
      <UniqueIdentifier>{2737579c-1339-4f6e-8ce5-829930bb3bd9}</UniqueIdentifier>
    </Filter>
    <Filter Include="USER">
      <UniqueIdentifier>{f1ab7d13-9779-4301-b2b7-4c8543791e41}</UniqueIdentifier>
    </Filter>
  </ItemGroup>
  <ItemGroup>
    <ClInclude Include="..\..\APP\bit.h">
      <Filter>APP</Filter>
    </ClInclude>
    <ClInclude Include="..\..\APP\fontupd.h">
      <Filter>APP</Filter>
    </ClInclude>
    <ClInclude Include="..\..\APP\lunar.h">
      <Filter>APP</Filter>
    </ClInclude>
    <ClInclude Include="..\..\APP\mp3player.h">
      <Filter>APP</Filter>
    </ClInclude>
    <ClInclude Include="..\..\APP\show.h">
      <Filter>APP</Filter>
    </ClInclude>
    <ClInclude Include="..\..\APP\text.h">
      <Filter>APP</Filter>
    </ClInclude>
    <ClInclude Include="..\..\FATFS\diskio.h">
      <Filter>FATFS</Filter>
    </ClInclude>
    <ClInclude Include="..\..\FATFS\exfuns.h">
      <Filter>FATFS</Filter>
    </ClInclude>
    <ClInclude Include="..\..\FATFS\fattester.h">
      <Filter>FATFS</Filter>
    </ClInclude>
    <ClInclude Include="..\..\FATFS\ff.h">
      <Filter>FATFS</Filter>
    </ClInclude>
    <ClInclude Include="..\..\FATFS\ffconf.h">
      <Filter>FATFS</Filter>
    </ClInclude>
    <ClInclude Include="..\..\FATFS\integer.h">
      <Filter>FATFS</Filter>
    </ClInclude>
    <ClInclude Include="..\..\CORE\core_cm3.h">
      <Filter>CORE</Filter>
    </ClInclude>
    <ClInclude Include="..\..\HARDWARE\FLASH\flash.h">
      <Filter>HARDWARE</Filter>
    </ClInclude>
    <ClInclude Include="..\..\HARDWARE\IMAGE2LCD\image1.h">
      <Filter>HARDWARE</Filter>
    </ClInclude>
    <ClInclude Include="..\..\HARDWARE\IMAGE2LCD\image2lcd.h">
      <Filter>HARDWARE</Filter>
    </ClInclude>
    <ClInclude Include="..\..\HARDWARE\KEY\key.h">
      <Filter>HARDWARE</Filter>
    </ClInclude>
    <ClInclude Include="..\..\HARDWARE\LCD\font.h">
      <Filter>HARDWARE</Filter>
    </ClInclude>
    <ClInclude Include="..\..\HARDWARE\LCD\lcd.h">
      <Filter>HARDWARE</Filter>
    </ClInclude>
    <ClInclude Include="..\..\HARDWARE\MALLOC\malloc.h">
      <Filter>HARDWARE</Filter>
    </ClInclude>
    <ClInclude Include="..\..\HARDWARE\RTC\rtc.h">
      <Filter>HARDWARE</Filter>
    </ClInclude>
    <ClInclude Include="..\..\HARDWARE\SD\sdio_sdcard.h">
      <Filter>HARDWARE</Filter>
    </ClInclude>
    <ClInclude Include="..\..\HARDWARE\SPI\spi.h">
      <Filter>HARDWARE</Filter>
    </ClInclude>
    <ClInclude Include="..\..\HARDWARE\VS10XX\flac.h">
      <Filter>HARDWARE</Filter>
    </ClInclude>
    <ClInclude Include="..\..\HARDWARE\VS10XX\SPEC_REW.H">
      <Filter>HARDWARE</Filter>
    </ClInclude>
    <ClInclude Include="..\..\HARDWARE\VS10XX\vs10XX.h">
      <Filter>HARDWARE</Filter>
    </ClInclude>
    <ClInclude Include="..\..\STM32F10x_FWLib\inc\misc.h">
      <Filter>STM32F10x_FWLib</Filter>
    </ClInclude>
    <ClInclude Include="..\..\STM32F10x_FWLib\inc\stm32f10x_adc.h">
      <Filter>STM32F10x_FWLib</Filter>
    </ClInclude>
    <ClInclude Include="..\..\STM32F10x_FWLib\inc\stm32f10x_bkp.h">
      <Filter>STM32F10x_FWLib</Filter>
    </ClInclude>
    <ClInclude Include="..\..\STM32F10x_FWLib\inc\stm32f10x_can.h">
      <Filter>STM32F10x_FWLib</Filter>
    </ClInclude>
    <ClInclude Include="..\..\STM32F10x_FWLib\inc\stm32f10x_cec.h">
      <Filter>STM32F10x_FWLib</Filter>
    </ClInclude>
    <ClInclude Include="..\..\STM32F10x_FWLib\inc\stm32f10x_crc.h">
      <Filter>STM32F10x_FWLib</Filter>
    </ClInclude>
    <ClInclude Include="..\..\STM32F10x_FWLib\inc\stm32f10x_dac.h">
      <Filter>STM32F10x_FWLib</Filter>
    </ClInclude>
    <ClInclude Include="..\..\STM32F10x_FWLib\inc\stm32f10x_dbgmcu.h">
      <Filter>STM32F10x_FWLib</Filter>
    </ClInclude>
    <ClInclude Include="..\..\STM32F10x_FWLib\inc\stm32f10x_dma.h">
      <Filter>STM32F10x_FWLib</Filter>
    </ClInclude>
    <ClInclude Include="..\..\STM32F10x_FWLib\inc\stm32f10x_exti.h">
      <Filter>STM32F10x_FWLib</Filter>
    </ClInclude>
    <ClInclude Include="..\..\STM32F10x_FWLib\inc\stm32f10x_flash.h">
      <Filter>STM32F10x_FWLib</Filter>
    </ClInclude>
    <ClInclude Include="..\..\STM32F10x_FWLib\inc\stm32f10x_fsmc.h">
      <Filter>STM32F10x_FWLib</Filter>
    </ClInclude>
    <ClInclude Include="..\..\STM32F10x_FWLib\inc\stm32f10x_gpio.h">
      <Filter>STM32F10x_FWLib</Filter>
    </ClInclude>
    <ClInclude Include="..\..\STM32F10x_FWLib\inc\stm32f10x_i2c.h">
      <Filter>STM32F10x_FWLib</Filter>
    </ClInclude>
    <ClInclude Include="..\..\STM32F10x_FWLib\inc\stm32f10x_iwdg.h">
      <Filter>STM32F10x_FWLib</Filter>
    </ClInclude>
    <ClInclude Include="..\..\STM32F10x_FWLib\inc\stm32f10x_pwr.h">
      <Filter>STM32F10x_FWLib</Filter>
    </ClInclude>
    <ClInclude Include="..\..\STM32F10x_FWLib\inc\stm32f10x_rcc.h">
      <Filter>STM32F10x_FWLib</Filter>
    </ClInclude>
    <ClInclude Include="..\..\STM32F10x_FWLib\inc\stm32f10x_rtc.h">
      <Filter>STM32F10x_FWLib</Filter>
    </ClInclude>
    <ClInclude Include="..\..\STM32F10x_FWLib\inc\stm32f10x_sdio.h">
      <Filter>STM32F10x_FWLib</Filter>
    </ClInclude>
    <ClInclude Include="..\..\STM32F10x_FWLib\inc\stm32f10x_spi.h">
      <Filter>STM32F10x_FWLib</Filter>
    </ClInclude>
    <ClInclude Include="..\..\STM32F10x_FWLib\inc\stm32f10x_tim.h">
      <Filter>STM32F10x_FWLib</Filter>
    </ClInclude>
    <ClInclude Include="..\..\STM32F10x_FWLib\inc\stm32f10x_usart.h">
      <Filter>STM32F10x_FWLib</Filter>
    </ClInclude>
    <ClInclude Include="..\..\STM32F10x_FWLib\inc\stm32f10x_wwdg.h">
      <Filter>STM32F10x_FWLib</Filter>
    </ClInclude>
    <ClInclude Include="..\..\SYSTEM\delay\delay.h">
      <Filter>SYSTEM</Filter>
    </ClInclude>
    <ClInclude Include="..\..\SYSTEM\sys\stm32f10x.h">
      <Filter>SYSTEM</Filter>
    </ClInclude>
    <ClInclude Include="..\..\SYSTEM\sys\sys.h">
      <Filter>SYSTEM</Filter>
    </ClInclude>
    <ClInclude Include="..\..\SYSTEM\sys\system_stm32f10x.h">
      <Filter>SYSTEM</Filter>
    </ClInclude>
    <ClInclude Include="..\..\USER\stm32f10x.h">
      <Filter>USER</Filter>
    </ClInclude>
    <ClInclude Include="..\..\USER\stm32f10x_conf.h">
      <Filter>USER</Filter>
    </ClInclude>
    <ClInclude Include="..\..\USER\stm32f10x_it.h">
      <Filter>USER</Filter>
    </ClInclude>
    <ClInclude Include="..\..\USER\system_stm32f10x.h">
      <Filter>USER</Filter>
    </ClInclude>
    <ClInclude Include="..\..\APP\mp3id3.h">
      <Filter>APP</Filter>
    </ClInclude>
  </ItemGroup>
  <ItemGroup>
    <ClCompile Include="..\..\APP\fontupd.c">
      <Filter>APP</Filter>
    </ClCompile>
    <ClCompile Include="..\..\APP\LUNAR.c">
      <Filter>APP</Filter>
    </ClCompile>
    <ClCompile Include="..\..\APP\mp3player.c">
      <Filter>APP</Filter>
    </ClCompile>
    <ClCompile Include="..\..\APP\SHOW.c">
      <Filter>APP</Filter>
    </ClCompile>
    <ClCompile Include="..\..\APP\text.c">
      <Filter>APP</Filter>
    </ClCompile>
    <ClCompile Include="..\..\FATFS\cc936.c">
      <Filter>FATFS</Filter>
    </ClCompile>
    <ClCompile Include="..\..\FATFS\diskio.c">
      <Filter>FATFS</Filter>
    </ClCompile>
    <ClCompile Include="..\..\FATFS\exfuns.c">
      <Filter>FATFS</Filter>
    </ClCompile>
    <ClCompile Include="..\..\FATFS\fattester.c">
      <Filter>FATFS</Filter>
    </ClCompile>
    <ClCompile Include="..\..\FATFS\ff.c">
      <Filter>FATFS</Filter>
    </ClCompile>
    <ClCompile Include="..\..\CORE\core_cm3.c">
      <Filter>CORE</Filter>
    </ClCompile>
    <ClCompile Include="..\..\HARDWARE\FLASH\flash.c">
      <Filter>HARDWARE</Filter>
    </ClCompile>
    <ClCompile Include="..\..\HARDWARE\IMAGE2LCD\image2lcd.c">
      <Filter>HARDWARE</Filter>
    </ClCompile>
    <ClCompile Include="..\..\HARDWARE\KEY\key.c">
      <Filter>HARDWARE</Filter>
    </ClCompile>
    <ClCompile Include="..\..\HARDWARE\LCD\ILI93xx.c">
      <Filter>HARDWARE</Filter>
    </ClCompile>
    <ClCompile Include="..\..\HARDWARE\MALLOC\malloc.c">
      <Filter>HARDWARE</Filter>
    </ClCompile>
    <ClCompile Include="..\..\HARDWARE\RTC\rtc.c">
      <Filter>HARDWARE</Filter>
    </ClCompile>
    <ClCompile Include="..\..\HARDWARE\SD\sdio_sdcard.c">
      <Filter>HARDWARE</Filter>
    </ClCompile>
    <ClCompile Include="..\..\HARDWARE\SPI\spi.c">
      <Filter>HARDWARE</Filter>
    </ClCompile>
    <ClCompile Include="..\..\HARDWARE\VS10XX\VS10XX.c">
      <Filter>HARDWARE</Filter>
    </ClCompile>
    <ClCompile Include="..\..\STM32F10x_FWLib\src\misc.c">
      <Filter>STM32F10x_FWLib</Filter>
    </ClCompile>
    <ClCompile Include="..\..\STM32F10x_FWLib\src\stm32f10x_adc.c">
      <Filter>STM32F10x_FWLib</Filter>
    </ClCompile>
    <ClCompile Include="..\..\STM32F10x_FWLib\src\stm32f10x_bkp.c">
      <Filter>STM32F10x_FWLib</Filter>
    </ClCompile>
    <ClCompile Include="..\..\STM32F10x_FWLib\src\stm32f10x_can.c">
      <Filter>STM32F10x_FWLib</Filter>
    </ClCompile>
    <ClCompile Include="..\..\STM32F10x_FWLib\src\stm32f10x_cec.c">
      <Filter>STM32F10x_FWLib</Filter>
    </ClCompile>
    <ClCompile Include="..\..\STM32F10x_FWLib\src\stm32f10x_crc.c">
      <Filter>STM32F10x_FWLib</Filter>
    </ClCompile>
    <ClCompile Include="..\..\STM32F10x_FWLib\src\stm32f10x_dac.c">
      <Filter>STM32F10x_FWLib</Filter>
    </ClCompile>
    <ClCompile Include="..\..\STM32F10x_FWLib\src\stm32f10x_dbgmcu.c">
      <Filter>STM32F10x_FWLib</Filter>
    </ClCompile>
    <ClCompile Include="..\..\STM32F10x_FWLib\src\stm32f10x_dma.c">
      <Filter>STM32F10x_FWLib</Filter>
    </ClCompile>
    <ClCompile Include="..\..\STM32F10x_FWLib\src\stm32f10x_exti.c">
      <Filter>STM32F10x_FWLib</Filter>
    </ClCompile>
    <ClCompile Include="..\..\STM32F10x_FWLib\src\stm32f10x_flash.c">
      <Filter>STM32F10x_FWLib</Filter>
    </ClCompile>
    <ClCompile Include="..\..\STM32F10x_FWLib\src\stm32f10x_fsmc.c">
      <Filter>STM32F10x_FWLib</Filter>
    </ClCompile>
    <ClCompile Include="..\..\STM32F10x_FWLib\src\stm32f10x_gpio.c">
      <Filter>STM32F10x_FWLib</Filter>
    </ClCompile>
    <ClCompile Include="..\..\STM32F10x_FWLib\src\stm32f10x_i2c.c">
      <Filter>STM32F10x_FWLib</Filter>
    </ClCompile>
    <ClCompile Include="..\..\STM32F10x_FWLib\src\stm32f10x_iwdg.c">
      <Filter>STM32F10x_FWLib</Filter>
    </ClCompile>
    <ClCompile Include="..\..\STM32F10x_FWLib\src\stm32f10x_pwr.c">
      <Filter>STM32F10x_FWLib</Filter>
    </ClCompile>
    <ClCompile Include="..\..\STM32F10x_FWLib\src\stm32f10x_rcc.c">
      <Filter>STM32F10x_FWLib</Filter>
    </ClCompile>
    <ClCompile Include="..\..\STM32F10x_FWLib\src\stm32f10x_rtc.c">
      <Filter>STM32F10x_FWLib</Filter>
    </ClCompile>
    <ClCompile Include="..\..\STM32F10x_FWLib\src\stm32f10x_sdio.c">
      <Filter>STM32F10x_FWLib</Filter>
    </ClCompile>
    <ClCompile Include="..\..\STM32F10x_FWLib\src\stm32f10x_spi.c">
      <Filter>STM32F10x_FWLib</Filter>
    </ClCompile>
    <ClCompile Include="..\..\STM32F10x_FWLib\src\stm32f10x_tim.c">
      <Filter>STM32F10x_FWLib</Filter>
    </ClCompile>
    <ClCompile Include="..\..\STM32F10x_FWLib\src\stm32f10x_usart.c">
      <Filter>STM32F10x_FWLib</Filter>
    </ClCompile>
    <ClCompile Include="..\..\STM32F10x_FWLib\src\stm32f10x_wwdg.c">
      <Filter>STM32F10x_FWLib</Filter>
    </ClCompile>
    <ClCompile Include="..\..\SYSTEM\delay\delay.c">
      <Filter>SYSTEM</Filter>
    </ClCompile>
    <ClCompile Include="..\..\SYSTEM\sys\sys.c">
      <Filter>SYSTEM</Filter>
    </ClCompile>
    <ClCompile Include="..\..\USER\main.c">
      <Filter>USER</Filter>
    </ClCompile>
    <ClCompile Include="..\..\USER\stm32f10x_it.c">
      <Filter>USER</Filter>
    </ClCompile>
    <ClCompile Include="..\..\USER\system_stm32f10x.c">
      <Filter>USER</Filter>
    </ClCompile>
    <ClCompile Include="..\..\APP\mp3id3.c">
      <Filter>APP</Filter>
    </ClCompile>
  </ItemGroup>
  <ItemGroup>
    <None Include="..\..\CORE\startup_stm32f10x_hd.s">
      <Filter>CORE</Filter>
    </None>
  </ItemGroup>
</Project>